// !$*UTF8*$!
{
	archiveVersion = 1;
	classes = {
	};
	objectVersion = 46;
	objects = {

/* Begin PBXBuildFile section */
		1BBF3D3B1981A7330078551F /* LSButton.m in Sources */ = {isa = PBXBuildFile; fileRef = 1BBF3D3A1981A7330078551F /* LSButton.m */; };
		1BCAC9E0196E067200130DD9 /* Foundation.framework in Frameworks */ = {isa = PBXBuildFile; fileRef = 1BCAC9DF196E067200130DD9 /* Foundation.framework */; };
		1BCAC9E2196E067200130DD9 /* CoreGraphics.framework in Frameworks */ = {isa = PBXBuildFile; fileRef = 1BCAC9E1196E067200130DD9 /* CoreGraphics.framework */; };
		1BCAC9E4196E067200130DD9 /* UIKit.framework in Frameworks */ = {isa = PBXBuildFile; fileRef = 1BCAC9E3196E067200130DD9 /* UIKit.framework */; };
		1BCAC9EA196E067200130DD9 /* InfoPlist.strings in Resources */ = {isa = PBXBuildFile; fileRef = 1BCAC9E8196E067200130DD9 /* InfoPlist.strings */; };
		1BCAC9EC196E067200130DD9 /* main.m in Sources */ = {isa = PBXBuildFile; fileRef = 1BCAC9EB196E067200130DD9 /* main.m */; };
		1BCAC9F0196E067200130DD9 /* TISAppDelegate.m in Sources */ = {isa = PBXBuildFile; fileRef = 1BCAC9EF196E067200130DD9 /* TISAppDelegate.m */; };
		1BCAC9F3196E067200130DD9 /* Main.storyboard in Resources */ = {isa = PBXBuildFile; fileRef = 1BCAC9F1196E067200130DD9 /* Main.storyboard */; };
		1BCAC9F6196E067200130DD9 /* TISViewController.m in Sources */ = {isa = PBXBuildFile; fileRef = 1BCAC9F5196E067200130DD9 /* TISViewController.m */; };
		1BCAC9F8196E067200130DD9 /* Images.xcassets in Resources */ = {isa = PBXBuildFile; fileRef = 1BCAC9F7196E067200130DD9 /* Images.xcassets */; };
		1BCAC9FF196E067300130DD9 /* XCTest.framework in Frameworks */ = {isa = PBXBuildFile; fileRef = 1BCAC9FE196E067300130DD9 /* XCTest.framework */; };
		1BCACA00196E067300130DD9 /* Foundation.framework in Frameworks */ = {isa = PBXBuildFile; fileRef = 1BCAC9DF196E067200130DD9 /* Foundation.framework */; };
		1BCACA01196E067300130DD9 /* UIKit.framework in Frameworks */ = {isa = PBXBuildFile; fileRef = 1BCAC9E3196E067200130DD9 /* UIKit.framework */; };
		1BCACA09196E067300130DD9 /* InfoPlist.strings in Resources */ = {isa = PBXBuildFile; fileRef = 1BCACA07196E067300130DD9 /* InfoPlist.strings */; };
		1BCACA0B196E067300130DD9 /* TicktsTests.m in Sources */ = {isa = PBXBuildFile; fileRef = 1BCACA0A196E067300130DD9 /* TicktsTests.m */; };
		1BCACA21196E09C700130DD9 /* UIColor+HexToRgb.m in Sources */ = {isa = PBXBuildFile; fileRef = 1BCACA20196E09C700130DD9 /* UIColor+HexToRgb.m */; };
/* End PBXBuildFile section */

/* Begin PBXContainerItemProxy section */
		1BCACA02196E067300130DD9 /* PBXContainerItemProxy */ = {
			isa = PBXContainerItemProxy;
			containerPortal = 1BCAC9D4196E067200130DD9 /* Project object */;
			proxyType = 1;
			remoteGlobalIDString = 1BCAC9DB196E067200130DD9;
			remoteInfo = Tickts;
		};
/* End PBXContainerItemProxy section */

/* Begin PBXFileReference section */
		1BBF3D391981A7330078551F /* LSButton.h */ = {isa = PBXFileReference; fileEncoding = 4; lastKnownFileType = sourcecode.c.h; path = LSButton.h; sourceTree = "<group>"; };
		1BBF3D3A1981A7330078551F /* LSButton.m */ = {isa = PBXFileReference; fileEncoding = 4; lastKnownFileType = sourcecode.c.objc; path = LSButton.m; sourceTree = "<group>"; };
		1BCAC9DC196E067200130DD9 /* Tickts.app */ = {isa = PBXFileReference; explicitFileType = wrapper.application; includeInIndex = 0; path = Tickts.app; sourceTree = BUILT_PRODUCTS_DIR; };
		1BCAC9DF196E067200130DD9 /* Foundation.framework */ = {isa = PBXFileReference; lastKnownFileType = wrapper.framework; name = Foundation.framework; path = System/Library/Frameworks/Foundation.framework; sourceTree = SDKROOT; };
		1BCAC9E1196E067200130DD9 /* CoreGraphics.framework */ = {isa = PBXFileReference; lastKnownFileType = wrapper.framework; name = CoreGraphics.framework; path = System/Library/Frameworks/CoreGraphics.framework; sourceTree = SDKROOT; };
		1BCAC9E3196E067200130DD9 /* UIKit.framework */ = {isa = PBXFileReference; lastKnownFileType = wrapper.framework; name = UIKit.framework; path = System/Library/Frameworks/UIKit.framework; sourceTree = SDKROOT; };
		1BCAC9E7196E067200130DD9 /* Tickts-Info.plist */ = {isa = PBXFileReference; lastKnownFileType = text.plist.xml; path = "Tickts-Info.plist"; sourceTree = "<group>"; };
		1BCAC9E9196E067200130DD9 /* en */ = {isa = PBXFileReference; lastKnownFileType = text.plist.strings; name = en; path = en.lproj/InfoPlist.strings; sourceTree = "<group>"; };
		1BCAC9EB196E067200130DD9 /* main.m */ = {isa = PBXFileReference; lastKnownFileType = sourcecode.c.objc; path = main.m; sourceTree = "<group>"; };
		1BCAC9ED196E067200130DD9 /* Tickts-Prefix.pch */ = {isa = PBXFileReference; lastKnownFileType = sourcecode.c.h; path = "Tickts-Prefix.pch"; sourceTree = "<group>"; };
		1BCAC9EE196E067200130DD9 /* TISAppDelegate.h */ = {isa = PBXFileReference; lastKnownFileType = sourcecode.c.h; path = TISAppDelegate.h; sourceTree = "<group>"; };
		1BCAC9EF196E067200130DD9 /* TISAppDelegate.m */ = {isa = PBXFileReference; lastKnownFileType = sourcecode.c.objc; path = TISAppDelegate.m; sourceTree = "<group>"; };
		1BCAC9F2196E067200130DD9 /* Base */ = {isa = PBXFileReference; lastKnownFileType = file.storyboard; name = Base; path = Base.lproj/Main.storyboard; sourceTree = "<group>"; };
		1BCAC9F4196E067200130DD9 /* TISViewController.h */ = {isa = PBXFileReference; lastKnownFileType = sourcecode.c.h; path = TISViewController.h; sourceTree = "<group>"; };
		1BCAC9F5196E067200130DD9 /* TISViewController.m */ = {isa = PBXFileReference; lastKnownFileType = sourcecode.c.objc; path = TISViewController.m; sourceTree = "<group>"; };
		1BCAC9F7196E067200130DD9 /* Images.xcassets */ = {isa = PBXFileReference; lastKnownFileType = folder.assetcatalog; path = Images.xcassets; sourceTree = "<group>"; };
		1BCAC9FD196E067300130DD9 /* TicktsTests.xctest */ = {isa = PBXFileReference; explicitFileType = wrapper.cfbundle; includeInIndex = 0; path = TicktsTests.xctest; sourceTree = BUILT_PRODUCTS_DIR; };
		1BCAC9FE196E067300130DD9 /* XCTest.framework */ = {isa = PBXFileReference; lastKnownFileType = wrapper.framework; name = XCTest.framework; path = Library/Frameworks/XCTest.framework; sourceTree = DEVELOPER_DIR; };
		1BCACA06196E067300130DD9 /* TicktsTests-Info.plist */ = {isa = PBXFileReference; lastKnownFileType = text.plist.xml; path = "TicktsTests-Info.plist"; sourceTree = "<group>"; };
		1BCACA08196E067300130DD9 /* en */ = {isa = PBXFileReference; lastKnownFileType = text.plist.strings; name = en; path = en.lproj/InfoPlist.strings; sourceTree = "<group>"; };
		1BCACA0A196E067300130DD9 /* TicktsTests.m */ = {isa = PBXFileReference; lastKnownFileType = sourcecode.c.objc; path = TicktsTests.m; sourceTree = "<group>"; };
		1BCACA1A196E083D00130DD9 /* TISColorConstants.h */ = {isa = PBXFileReference; fileEncoding = 4; lastKnownFileType = sourcecode.c.h; path = TISColorConstants.h; sourceTree = "<group>"; };
		1BCACA1F196E09C700130DD9 /* UIColor+HexToRgb.h */ = {isa = PBXFileReference; fileEncoding = 4; lastKnownFileType = sourcecode.c.h; path = "UIColor+HexToRgb.h"; sourceTree = "<group>"; };
		1BCACA20196E09C700130DD9 /* UIColor+HexToRgb.m */ = {isa = PBXFileReference; fileEncoding = 4; lastKnownFileType = sourcecode.c.objc; path = "UIColor+HexToRgb.m"; sourceTree = "<group>"; };
/* End PBXFileReference section */

/* Begin PBXFrameworksBuildPhase section */
		1BCAC9D9196E067200130DD9 /* Frameworks */ = {
			isa = PBXFrameworksBuildPhase;
			buildActionMask = 2147483647;
			files = (
				1BCAC9E2196E067200130DD9 /* CoreGraphics.framework in Frameworks */,
				1BCAC9E4196E067200130DD9 /* UIKit.framework in Frameworks */,
				1BCAC9E0196E067200130DD9 /* Foundation.framework in Frameworks */,
			);
			runOnlyForDeploymentPostprocessing = 0;
		};
		1BCAC9FA196E067300130DD9 /* Frameworks */ = {
			isa = PBXFrameworksBuildPhase;
			buildActionMask = 2147483647;
			files = (
				1BCAC9FF196E067300130DD9 /* XCTest.framework in Frameworks */,
				1BCACA01196E067300130DD9 /* UIKit.framework in Frameworks */,
				1BCACA00196E067300130DD9 /* Foundation.framework in Frameworks */,
			);
			runOnlyForDeploymentPostprocessing = 0;
		};
/* End PBXFrameworksBuildPhase section */

/* Begin PBXGroup section */
		1BBF3D381981A7330078551F /* LongShadowButton */ = {
			isa = PBXGroup;
			children = (
				1BBF3D391981A7330078551F /* LSButton.h */,
				1BBF3D3A1981A7330078551F /* LSButton.m */,
			);
			name = LongShadowButton;
			path = Tickts/LongShadowButton;
			sourceTree = "<group>";
		};
		1BCAC9D3196E067200130DD9 = {
			isa = PBXGroup;
			children = (
				1BCAC9E5196E067200130DD9 /* Tickts */,
				1BCACA04196E067300130DD9 /* TicktsTests */,
				1BCAC9DE196E067200130DD9 /* Frameworks */,
				1BCAC9DD196E067200130DD9 /* Products */,
			);
			sourceTree = "<group>";
		};
		1BCAC9DD196E067200130DD9 /* Products */ = {
			isa = PBXGroup;
			children = (
				1BCAC9DC196E067200130DD9 /* Tickts.app */,
				1BCAC9FD196E067300130DD9 /* TicktsTests.xctest */,
			);
			name = Products;
			sourceTree = "<group>";
		};
		1BCAC9DE196E067200130DD9 /* Frameworks */ = {
			isa = PBXGroup;
			children = (
				1BBF3D381981A7330078551F /* LongShadowButton */,
				1BCAC9DF196E067200130DD9 /* Foundation.framework */,
				1BCAC9E1196E067200130DD9 /* CoreGraphics.framework */,
				1BCAC9E3196E067200130DD9 /* UIKit.framework */,
				1BCAC9FE196E067300130DD9 /* XCTest.framework */,
			);
			name = Frameworks;
			sourceTree = "<group>";
		};
		1BCAC9E5196E067200130DD9 /* Tickts */ = {
			isa = PBXGroup;
			children = (
				1BCACA18196E080F00130DD9 /* Common */,
				1BCACA15196E06C800130DD9 /* Main */,
				1BCACA16196E06DC00130DD9 /* Model */,
				1BCACA14196E06BF00130DD9 /* Views */,
				1BCAC9F7196E067200130DD9 /* Images.xcassets */,
				1BCAC9E6196E067200130DD9 /* Supporting Files */,
			);
			path = Tickts;
			sourceTree = "<group>";
		};
		1BCAC9E6196E067200130DD9 /* Supporting Files */ = {
			isa = PBXGroup;
			children = (
				1BCAC9E7196E067200130DD9 /* Tickts-Info.plist */,
				1BCAC9E8196E067200130DD9 /* InfoPlist.strings */,
				1BCAC9EB196E067200130DD9 /* main.m */,
				1BCAC9ED196E067200130DD9 /* Tickts-Prefix.pch */,
			);
			name = "Supporting Files";
			sourceTree = "<group>";
		};
		1BCACA04196E067300130DD9 /* TicktsTests */ = {
			isa = PBXGroup;
			children = (
				1BCACA0A196E067300130DD9 /* TicktsTests.m */,
				1BCACA05196E067300130DD9 /* Supporting Files */,
			);
			path = TicktsTests;
			sourceTree = "<group>";
		};
		1BCACA05196E067300130DD9 /* Supporting Files */ = {
			isa = PBXGroup;
			children = (
				1BCACA06196E067300130DD9 /* TicktsTests-Info.plist */,
				1BCACA07196E067300130DD9 /* InfoPlist.strings */,
			);
			name = "Supporting Files";
			sourceTree = "<group>";
		};
		1BCACA14196E06BF00130DD9 /* Views */ = {
			isa = PBXGroup;
			children = (
				1BCACA17196E06E900130DD9 /* Common */,
				1BCAC9F1196E067200130DD9 /* Main.storyboard */,
			);
			name = Views;
			sourceTree = "<group>";
		};
		1BCACA15196E06C800130DD9 /* Main */ = {
			isa = PBXGroup;
			children = (
				1BCACA19196E081400130DD9 /* Constants */,
				1BCAC9EE196E067200130DD9 /* TISAppDelegate.h */,
				1BCAC9EF196E067200130DD9 /* TISAppDelegate.m */,
			);
			name = Main;
			sourceTree = "<group>";
		};
		1BCACA16196E06DC00130DD9 /* Model */ = {
			isa = PBXGroup;
			children = (
			);
			name = Model;
			sourceTree = "<group>";
		};
		1BCACA17196E06E900130DD9 /* Common */ = {
			isa = PBXGroup;
			children = (
				1BCAC9F4196E067200130DD9 /* TISViewController.h */,
				1BCAC9F5196E067200130DD9 /* TISViewController.m */,
			);
			name = Common;
			sourceTree = "<group>";
		};
		1BCACA18196E080F00130DD9 /* Common */ = {
			isa = PBXGroup;
			children = (
				1BCACA1D196E099400130DD9 /* Helpers */,
			);
			name = Common;
			sourceTree = "<group>";
		};
		1BCACA19196E081400130DD9 /* Constants */ = {
			isa = PBXGroup;
			children = (
				1BCACA1A196E083D00130DD9 /* TISColorConstants.h */,
			);
			name = Constants;
			sourceTree = "<group>";
		};
		1BCACA1D196E099400130DD9 /* Helpers */ = {
			isa = PBXGroup;
			children = (
				1BCACA1E196E099A00130DD9 /* UIColor */,
			);
			name = Helpers;
			sourceTree = "<group>";
		};
		1BCACA1E196E099A00130DD9 /* UIColor */ = {
			isa = PBXGroup;
			children = (
				1BCACA1F196E09C700130DD9 /* UIColor+HexToRgb.h */,
				1BCACA20196E09C700130DD9 /* UIColor+HexToRgb.m */,
			);
			name = UIColor;
			sourceTree = "<group>";
		};
/* End PBXGroup section */

/* Begin PBXNativeTarget section */
		1BCAC9DB196E067200130DD9 /* Tickts */ = {
			isa = PBXNativeTarget;
			buildConfigurationList = 1BCACA0E196E067300130DD9 /* Build configuration list for PBXNativeTarget "Tickts" */;
			buildPhases = (
				1BCAC9D8196E067200130DD9 /* Sources */,
				1BCAC9D9196E067200130DD9 /* Frameworks */,
				1BCAC9DA196E067200130DD9 /* Resources */,
			);
			buildRules = (
			);
			dependencies = (
			);
			name = Tickts;
			productName = Tickts;
			productReference = 1BCAC9DC196E067200130DD9 /* Tickts.app */;
			productType = "com.apple.product-type.application";
		};
		1BCAC9FC196E067300130DD9 /* TicktsTests */ = {
			isa = PBXNativeTarget;
			buildConfigurationList = 1BCACA11196E067300130DD9 /* Build configuration list for PBXNativeTarget "TicktsTests" */;
			buildPhases = (
				1BCAC9F9196E067300130DD9 /* Sources */,
				1BCAC9FA196E067300130DD9 /* Frameworks */,
				1BCAC9FB196E067300130DD9 /* Resources */,
			);
			buildRules = (
			);
			dependencies = (
				1BCACA03196E067300130DD9 /* PBXTargetDependency */,
			);
			name = TicktsTests;
			productName = TicktsTests;
			productReference = 1BCAC9FD196E067300130DD9 /* TicktsTests.xctest */;
			productType = "com.apple.product-type.bundle.unit-test";
		};
/* End PBXNativeTarget section */

/* Begin PBXProject section */
		1BCAC9D4196E067200130DD9 /* Project object */ = {
			isa = PBXProject;
			attributes = {
				CLASSPREFIX = TIS;
				LastUpgradeCheck = 0510;
				ORGANIZATIONNAME = meligaletiko;
				TargetAttributes = {
					1BCAC9FC196E067300130DD9 = {
						TestTargetID = 1BCAC9DB196E067200130DD9;
					};
				};
			};
			buildConfigurationList = 1BCAC9D7196E067200130DD9 /* Build configuration list for PBXProject "Tickts" */;
			compatibilityVersion = "Xcode 3.2";
			developmentRegion = English;
			hasScannedForEncodings = 0;
			knownRegions = (
				en,
				Base,
			);
			mainGroup = 1BCAC9D3196E067200130DD9;
			productRefGroup = 1BCAC9DD196E067200130DD9 /* Products */;
			projectDirPath = "";
			projectRoot = "";
			targets = (
				1BCAC9DB196E067200130DD9 /* Tickts */,
				1BCAC9FC196E067300130DD9 /* TicktsTests */,
			);
		};
/* End PBXProject section */

/* Begin PBXResourcesBuildPhase section */
		1BCAC9DA196E067200130DD9 /* Resources */ = {
			isa = PBXResourcesBuildPhase;
			buildActionMask = 2147483647;
			files = (
				1BCAC9F8196E067200130DD9 /* Images.xcassets in Resources */,
				1BCAC9EA196E067200130DD9 /* InfoPlist.strings in Resources */,
				1BCAC9F3196E067200130DD9 /* Main.storyboard in Resources */,
			);
			runOnlyForDeploymentPostprocessing = 0;
		};
		1BCAC9FB196E067300130DD9 /* Resources */ = {
			isa = PBXResourcesBuildPhase;
			buildActionMask = 2147483647;
			files = (
				1BCACA09196E067300130DD9 /* InfoPlist.strings in Resources */,
			);
			runOnlyForDeploymentPostprocessing = 0;
		};
/* End PBXResourcesBuildPhase section */

/* Begin PBXSourcesBuildPhase section */
		1BCAC9D8196E067200130DD9 /* Sources */ = {
			isa = PBXSourcesBuildPhase;
			buildActionMask = 2147483647;
			files = (
				1BCACA21196E09C700130DD9 /* UIColor+HexToRgb.m in Sources */,
				1BBF3D3B1981A7330078551F /* LSButton.m in Sources */,
				1BCAC9EC196E067200130DD9 /* main.m in Sources */,
				1BCAC9F6196E067200130DD9 /* TISViewController.m in Sources */,
				1BCAC9F0196E067200130DD9 /* TISAppDelegate.m in Sources */,
			);
			runOnlyForDeploymentPostprocessing = 0;
		};
		1BCAC9F9196E067300130DD9 /* Sources */ = {
			isa = PBXSourcesBuildPhase;
			buildActionMask = 2147483647;
			files = (
				1BCACA0B196E067300130DD9 /* TicktsTests.m in Sources */,
			);
			runOnlyForDeploymentPostprocessing = 0;
		};
/* End PBXSourcesBuildPhase section */

/* Begin PBXTargetDependency section */
		1BCACA03196E067300130DD9 /* PBXTargetDependency */ = {
			isa = PBXTargetDependency;
			target = 1BCAC9DB196E067200130DD9 /* Tickts */;
			targetProxy = 1BCACA02196E067300130DD9 /* PBXContainerItemProxy */;
		};
/* End PBXTargetDependency section */

/* Begin PBXVariantGroup section */
		1BCAC9E8196E067200130DD9 /* InfoPlist.strings */ = {
			isa = PBXVariantGroup;
			children = (
				1BCAC9E9196E067200130DD9 /* en */,
			);
			name = InfoPlist.strings;
			sourceTree = "<group>";
		};
		1BCAC9F1196E067200130DD9 /* Main.storyboard */ = {
			isa = PBXVariantGroup;
			children = (
				1BCAC9F2196E067200130DD9 /* Base */,
			);
			name = Main.storyboard;
			sourceTree = "<group>";
		};
		1BCACA07196E067300130DD9 /* InfoPlist.strings */ = {
			isa = PBXVariantGroup;
			children = (
				1BCACA08196E067300130DD9 /* en */,
			);
			name = InfoPlist.strings;
			sourceTree = "<group>";
		};
/* End PBXVariantGroup section */

/* Begin XCBuildConfiguration section */
		1BCACA0C196E067300130DD9 /* Debug */ = {
			isa = XCBuildConfiguration;
			buildSettings = {
				ALWAYS_SEARCH_USER_PATHS = NO;
				CLANG_CXX_LANGUAGE_STANDARD = "gnu++0x";
				CLANG_CXX_LIBRARY = "libc++";
				CLANG_ENABLE_MODULES = YES;
				CLANG_ENABLE_OBJC_ARC = YES;
				CLANG_WARN_BOOL_CONVERSION = YES;
				CLANG_WARN_CONSTANT_CONVERSION = YES;
				CLANG_WARN_DIRECT_OBJC_ISA_USAGE = YES_ERROR;
				CLANG_WARN_EMPTY_BODY = YES;
				CLANG_WARN_ENUM_CONVERSION = YES;
				CLANG_WARN_INT_CONVERSION = YES;
				CLANG_WARN_OBJC_ROOT_CLASS = YES_ERROR;
				CLANG_WARN__DUPLICATE_METHOD_MATCH = YES;
				"CODE_SIGN_IDENTITY[sdk=iphoneos*]" = "iPhone Developer";
				COPY_PHASE_STRIP = NO;
				GCC_C_LANGUAGE_STANDARD = gnu99;
				GCC_DYNAMIC_NO_PIC = NO;
				GCC_OPTIMIZATION_LEVEL = 0;
				GCC_PREPROCESSOR_DEFINITIONS = (
					"DEBUG=1",
					"$(inherited)",
				);
				GCC_SYMBOLS_PRIVATE_EXTERN = NO;
				GCC_WARN_64_TO_32_BIT_CONVERSION = YES;
				GCC_WARN_ABOUT_RETURN_TYPE = YES_ERROR;
				GCC_WARN_UNDECLARED_SELECTOR = YES;
				GCC_WARN_UNINITIALIZED_AUTOS = YES_AGGRESSIVE;
				GCC_WARN_UNUSED_FUNCTION = YES;
				GCC_WARN_UNUSED_VARIABLE = YES;
				IPHONEOS_DEPLOYMENT_TARGET = 7.1;
				ONLY_ACTIVE_ARCH = YES;
				SDKROOT = iphoneos;
			};
			name = Debug;
		};
		1BCACA0D196E067300130DD9 /* Release */ = {
			isa = XCBuildConfiguration;
			buildSettings = {
				ALWAYS_SEARCH_USER_PATHS = NO;
				CLANG_CXX_LANGUAGE_STANDARD = "gnu++0x";
				CLANG_CXX_LIBRARY = "libc++";
				CLANG_ENABLE_MODULES = YES;
				CLANG_ENABLE_OBJC_ARC = YES;
				CLANG_WARN_BOOL_CONVERSION = YES;
				CLANG_WARN_CONSTANT_CONVERSION = YES;
				CLANG_WARN_DIRECT_OBJC_ISA_USAGE = YES_ERROR;
				CLANG_WARN_EMPTY_BODY = YES;
				CLANG_WARN_ENUM_CONVERSION = YES;
				CLANG_WARN_INT_CONVERSION = YES;
				CLANG_WARN_OBJC_ROOT_CLASS = YES_ERROR;
				CLANG_WARN__DUPLICATE_METHOD_MATCH = YES;
				"CODE_SIGN_IDENTITY[sdk=iphoneos*]" = "iPhone Developer";
				COPY_PHASE_STRIP = YES;
				ENABLE_NS_ASSERTIONS = NO;
				GCC_C_LANGUAGE_STANDARD = gnu99;
				GCC_WARN_64_TO_32_BIT_CONVERSION = YES;
				GCC_WARN_ABOUT_RETURN_TYPE = YES_ERROR;
				GCC_WARN_UNDECLARED_SELECTOR = YES;
				GCC_WARN_UNINITIALIZED_AUTOS = YES_AGGRESSIVE;
				GCC_WARN_UNUSED_FUNCTION = YES;
				GCC_WARN_UNUSED_VARIABLE = YES;
				IPHONEOS_DEPLOYMENT_TARGET = 7.1;
				SDKROOT = iphoneos;
				VALIDATE_PRODUCT = YES;
			};
			name = Release;
		};
		1BCACA0F196E067300130DD9 /* Debug */ = {
			isa = XCBuildConfiguration;
			buildSettings = {
				ASSETCATALOG_COMPILER_APPICON_NAME = AppIcon;
				ASSETCATALOG_COMPILER_LAUNCHIMAGE_NAME = LaunchImage;
				GCC_PRECOMPILE_PREFIX_HEADER = YES;
				GCC_PREFIX_HEADER = "Tickts/Tickts-Prefix.pch";
				INFOPLIST_FILE = "Tickts/Tickts-Info.plist";
				PRODUCT_NAME = "$(TARGET_NAME)";
				WRAPPER_EXTENSION = app;
			};
			name = Debug;
		};
		1BCACA10196E067300130DD9 /* Release */ = {
			isa = XCBuildConfiguration;
			buildSettings = {
				ASSETCATALOG_COMPILER_APPICON_NAME = AppIcon;
				ASSETCATALOG_COMPILER_LAUNCHIMAGE_NAME = LaunchImage;
				GCC_PRECOMPILE_PREFIX_HEADER = YES;
				GCC_PREFIX_HEADER = "Tickts/Tickts-Prefix.pch";
				INFOPLIST_FILE = "Tickts/Tickts-Info.plist";
				PRODUCT_NAME = "$(TARGET_NAME)";
				WRAPPER_EXTENSION = app;
			};
			name = Release;
		};
		1BCACA12196E067300130DD9 /* Debug */ = {
			isa = XCBuildConfiguration;
			buildSettings = {
				BUNDLE_LOADER = "$(BUILT_PRODUCTS_DIR)/Tickts.app/Tickts";
				FRAMEWORK_SEARCH_PATHS = (
					"$(SDKROOT)/Developer/Library/Frameworks",
					"$(inherited)",
					"$(DEVELOPER_FRAMEWORKS_DIR)",
				);
				GCC_PRECOMPILE_PREFIX_HEADER = YES;
				GCC_PREFIX_HEADER = "Tickts/Tickts-Prefix.pch";
				GCC_PREPROCESSOR_DEFINITIONS = (
					"DEBUG=1",
					"$(inherited)",
				);
				INFOPLIST_FILE = "TicktsTests/TicktsTests-Info.plist";
				PRODUCT_NAME = "$(TARGET_NAME)";
				TEST_HOST = "$(BUNDLE_LOADER)";
				WRAPPER_EXTENSION = xctest;
			};
			name = Debug;
		};
		1BCACA13196E067300130DD9 /* Release */ = {
			isa = XCBuildConfiguration;
			buildSettings = {
				BUNDLE_LOADER = "$(BUILT_PRODUCTS_DIR)/Tickts.app/Tickts";
				FRAMEWORK_SEARCH_PATHS = (
					"$(SDKROOT)/Developer/Library/Frameworks",
					"$(inherited)",
					"$(DEVELOPER_FRAMEWORKS_DIR)",
				);
				GCC_PRECOMPILE_PREFIX_HEADER = YES;
				GCC_PREFIX_HEADER = "Tickts/Tickts-Prefix.pch";
				INFOPLIST_FILE = "TicktsTests/TicktsTests-Info.plist";
				PRODUCT_NAME = "$(TARGET_NAME)";
				TEST_HOST = "$(BUNDLE_LOADER)";
				WRAPPER_EXTENSION = xctest;
			};
			name = Release;
		};
/* End XCBuildConfiguration section */

/* Begin XCConfigurationList section */
		1BCAC9D7196E067200130DD9 /* Build configuration list for PBXProject "Tickts" */ = {
			isa = XCConfigurationList;
			buildConfigurations = (
				1BCACA0C196E067300130DD9 /* Debug */,
				1BCACA0D196E067300130DD9 /* Release */,
			);
			defaultConfigurationIsVisible = 0;
			defaultConfigurationName = Release;
		};
		1BCACA0E196E067300130DD9 /* Build configuration list for PBXNativeTarget "Tickts" */ = {
			isa = XCConfigurationList;
			buildConfigurations = (
				1BCACA0F196E067300130DD9 /* Debug */,
				1BCACA10196E067300130DD9 /* Release */,
			);
			defaultConfigurationIsVisible = 0;
			defaultConfigurationName = Release;
		};
		1BCACA11196E067300130DD9 /* Build configuration list for PBXNativeTarget "TicktsTests" */ = {
			isa = XCConfigurationList;
			buildConfigurations = (
				1BCACA12196E067300130DD9 /* Debug */,
				1BCACA13196E067300130DD9 /* Release */,
			);
			defaultConfigurationIsVisible = 0;
			defaultConfigurationName = Release;
		};
/* End XCConfigurationList section */
	};
	rootObject = 1BCAC9D4196E067200130DD9 /* Project object */;
}
